
Microsoft Visual Studio Solution File, Format Version 11.00
# Visual Studio 2010
Project("{8BC9CEB8-8B4A-11D0-8D11-00A0C91BC942}") = "Project_2_Polynomial", "Project_2_Polynomial\Project_2_Polynomial.vcxproj", "{924249AC-83A7-448E-B402-A389F5F55770}"
EndProject
Project("{8BC9CEB8-8B4A-11D0-8D11-00A0C91BC942}") = "Project_1_time", "Project_1_time\Project_1_time.vcxproj", "{8518AD11-D3E2-4740-A656-6BDAF210F574}"
EndProject
Project("{8BC9CEB8-8B4A-11D0-8D11-00A0C91BC942}") = "Project_1_time2", "Project_1_time2\Project_1_time2.vcxproj", "{AB0D474D-F7AA-4CFF-B9C1-B485C22FB569}"
EndProject
Project("{8BC9CEB8-8B4A-11D0-8D11-00A0C91BC942}") = "Project_3_Stack", "Project_3_Stack\Project_3_Stack.vcxproj", "{D1C86AE9-0B9E-4327-8E6D-DA287C2E949A}"
EndProject
Project("{8BC9CEB8-8B4A-11D0-8D11-00A0C91BC942}") = "Project_4_Calculator", "Project_4_Calculator\Project_4_Calculator.vcxproj", "{4E013708-4D07-4481-BA82-275BD255E5E5}"
EndProject
Project("{8BC9CEB8-8B4A-11D0-8D11-00A0C91BC942}") = "Project_5_CircularQueue", "Project_5_CircularQueue\Project_5_CircularQueue.vcxproj", "{EF2EE4D8-07B8-47E8-A4D8-5B49FE0FC19E}"
EndProject
Project("{8BC9CEB8-8B4A-11D0-8D11-00A0C91BC942}") = "Project_5_CircularDeque", "Project_5_CircularDeque\Project_5_CircularDeque.vcxproj", "{590EDD54-4716-4C7F-A42F-5C335EB73292}"
EndProject
Project("{8BC9CEB8-8B4A-11D0-8D11-00A0C91BC942}") = "Project_5_DFSMaze", "Project_5_DFSMaze\Project_5_DFSMaze.vcxproj", "{1E969DBB-92AA-453F-88EF-8AA547F34371}"
EndProject
Project("{8BC9CEB8-8B4A-11D0-8D11-00A0C91BC942}") = "Project_5_BFSMaze", "Project_5_BFSMaze\Project_5_BFSMaze.vcxproj", "{1F9B8F79-4F10-4EDB-925D-E93CBCD9737D}"
EndProject
Project("{8BC9CEB8-8B4A-11D0-8D11-00A0C91BC942}") = "Project_6_DFSMaze", "Project_6_DFSMaze\Project_6_DFSMaze.vcxproj", "{15E6E127-C1D8-4602-952E-56C4796F273D}"
EndProject
Project("{8BC9CEB8-8B4A-11D0-8D11-00A0C91BC942}") = "Project_6_BFSMAze", "Project_6_BFSMAze\Project_6_BFSMAze.vcxproj", "{4950BD18-1BC5-49E9-AC9C-AF6C8B920687}"
EndProject
Project("{8BC9CEB8-8B4A-11D0-8D11-00A0C91BC942}") = "FileTest", "FileTest\FileTest.vcxproj", "{100A1B19-66A5-46D3-B3DA-FAB83A3CF0CB}"
EndProject
Global
	GlobalSection(SolutionConfigurationPlatforms) = preSolution
		Debug|Win32 = Debug|Win32
		Release|Win32 = Release|Win32
	EndGlobalSection
	GlobalSection(ProjectConfigurationPlatforms) = postSolution
		{924249AC-83A7-448E-B402-A389F5F55770}.Debug|Win32.ActiveCfg = Debug|Win32
		{924249AC-83A7-448E-B402-A389F5F55770}.Debug|Win32.Build.0 = Debug|Win32
		{924249AC-83A7-448E-B402-A389F5F55770}.Release|Win32.ActiveCfg = Release|Win32
		{924249AC-83A7-448E-B402-A389F5F55770}.Release|Win32.Build.0 = Release|Win32
		{8518AD11-D3E2-4740-A656-6BDAF210F574}.Debug|Win32.ActiveCfg = Debug|Win32
		{8518AD11-D3E2-4740-A656-6BDAF210F574}.Debug|Win32.Build.0 = Debug|Win32
		{8518AD11-D3E2-4740-A656-6BDAF210F574}.Release|Win32.ActiveCfg = Release|Win32
		{8518AD11-D3E2-4740-A656-6BDAF210F574}.Release|Win32.Build.0 = Release|Win32
		{AB0D474D-F7AA-4CFF-B9C1-B485C22FB569}.Debug|Win32.ActiveCfg = Debug|Win32
		{AB0D474D-F7AA-4CFF-B9C1-B485C22FB569}.Debug|Win32.Build.0 = Debug|Win32
		{AB0D474D-F7AA-4CFF-B9C1-B485C22FB569}.Release|Win32.ActiveCfg = Release|Win32
		{AB0D474D-F7AA-4CFF-B9C1-B485C22FB569}.Release|Win32.Build.0 = Release|Win32
		{D1C86AE9-0B9E-4327-8E6D-DA287C2E949A}.Debug|Win32.ActiveCfg = Debug|Win32
		{D1C86AE9-0B9E-4327-8E6D-DA287C2E949A}.Debug|Win32.Build.0 = Debug|Win32
		{D1C86AE9-0B9E-4327-8E6D-DA287C2E949A}.Release|Win32.ActiveCfg = Release|Win32
		{D1C86AE9-0B9E-4327-8E6D-DA287C2E949A}.Release|Win32.Build.0 = Release|Win32
		{4E013708-4D07-4481-BA82-275BD255E5E5}.Debug|Win32.ActiveCfg = Debug|Win32
		{4E013708-4D07-4481-BA82-275BD255E5E5}.Debug|Win32.Build.0 = Debug|Win32
		{4E013708-4D07-4481-BA82-275BD255E5E5}.Release|Win32.ActiveCfg = Release|Win32
		{4E013708-4D07-4481-BA82-275BD255E5E5}.Release|Win32.Build.0 = Release|Win32
		{EF2EE4D8-07B8-47E8-A4D8-5B49FE0FC19E}.Debug|Win32.ActiveCfg = Debug|Win32
		{EF2EE4D8-07B8-47E8-A4D8-5B49FE0FC19E}.Debug|Win32.Build.0 = Debug|Win32
		{EF2EE4D8-07B8-47E8-A4D8-5B49FE0FC19E}.Release|Win32.ActiveCfg = Release|Win32
		{EF2EE4D8-07B8-47E8-A4D8-5B49FE0FC19E}.Release|Win32.Build.0 = Release|Win32
		{590EDD54-4716-4C7F-A42F-5C335EB73292}.Debug|Win32.ActiveCfg = Debug|Win32
		{590EDD54-4716-4C7F-A42F-5C335EB73292}.Debug|Win32.Build.0 = Debug|Win32
		{590EDD54-4716-4C7F-A42F-5C335EB73292}.Release|Win32.ActiveCfg = Release|Win32
		{590EDD54-4716-4C7F-A42F-5C335EB73292}.Release|Win32.Build.0 = Release|Win32
		{1E969DBB-92AA-453F-88EF-8AA547F34371}.Debug|Win32.ActiveCfg = Debug|Win32
		{1E969DBB-92AA-453F-88EF-8AA547F34371}.Debug|Win32.Build.0 = Debug|Win32
		{1E969DBB-92AA-453F-88EF-8AA547F34371}.Release|Win32.ActiveCfg = Release|Win32
		{1E969DBB-92AA-453F-88EF-8AA547F34371}.Release|Win32.Build.0 = Release|Win32
		{1F9B8F79-4F10-4EDB-925D-E93CBCD9737D}.Debug|Win32.ActiveCfg = Debug|Win32
		{1F9B8F79-4F10-4EDB-925D-E93CBCD9737D}.Debug|Win32.Build.0 = Debug|Win32
		{1F9B8F79-4F10-4EDB-925D-E93CBCD9737D}.Release|Win32.ActiveCfg = Release|Win32
		{1F9B8F79-4F10-4EDB-925D-E93CBCD9737D}.Release|Win32.Build.0 = Release|Win32
		{15E6E127-C1D8-4602-952E-56C4796F273D}.Debug|Win32.ActiveCfg = Debug|Win32
		{15E6E127-C1D8-4602-952E-56C4796F273D}.Debug|Win32.Build.0 = Debug|Win32
		{15E6E127-C1D8-4602-952E-56C4796F273D}.Release|Win32.ActiveCfg = Release|Win32
		{15E6E127-C1D8-4602-952E-56C4796F273D}.Release|Win32.Build.0 = Release|Win32
		{4950BD18-1BC5-49E9-AC9C-AF6C8B920687}.Debug|Win32.ActiveCfg = Debug|Win32
		{4950BD18-1BC5-49E9-AC9C-AF6C8B920687}.Debug|Win32.Build.0 = Debug|Win32
		{4950BD18-1BC5-49E9-AC9C-AF6C8B920687}.Release|Win32.ActiveCfg = Release|Win32
		{4950BD18-1BC5-49E9-AC9C-AF6C8B920687}.Release|Win32.Build.0 = Release|Win32
		{100A1B19-66A5-46D3-B3DA-FAB83A3CF0CB}.Debug|Win32.ActiveCfg = Debug|Win32
		{100A1B19-66A5-46D3-B3DA-FAB83A3CF0CB}.Debug|Win32.Build.0 = Debug|Win32
		{100A1B19-66A5-46D3-B3DA-FAB83A3CF0CB}.Release|Win32.ActiveCfg = Release|Win32
		{100A1B19-66A5-46D3-B3DA-FAB83A3CF0CB}.Release|Win32.Build.0 = Release|Win32
	EndGlobalSection
	GlobalSection(SolutionProperties) = preSolution
		HideSolutionNode = FALSE
	EndGlobalSection
EndGlobal
